<Solution>
  <Project Path="Ejercicio 1/Ejercicio 1.csproj" Id="d98d2a8a-ff89-4d75-a9ee-b825208a6dba" />
  <Project Path="Ejercicio 2/Ejercicio 2.csproj" Id="8fe0f78a-db47-427e-960c-ab1b41063b39" />
  <Project Path="Ejercicio 3/Ejercicio 3.csproj" Id="a161f3a4-e53d-49ad-844d-2a581c085457" />
  <Project Path="Ejercicio 4/Ejercicio 4.csproj" Id="710e3ed6-0a46-4990-b588-bf322ebe9ba9" />
</Solution>
