<Solution>
  <Project Path="Ejercicio 1/Ejercicio 1.csproj" Id="1b449c29-6450-436a-adf5-61cdd0b70bae" />
  <Project Path="Ejercicio 2/Ejercicio 2.csproj" Id="28843bd4-ea53-4365-a372-3d30807c8fb3" />
  <Project Path="Ejercicio 3/Ejercicio 3.csproj" Id="d58b6124-fa62-4853-8dfa-fb23b4919ea1" />
  <Project Path="Ejercicio 4/Ejercicio 4.csproj" Id="7d040fa8-d774-466d-a073-7ece41f36648" />
</Solution>
