<Solution>
  <Project Path="Ejercicio 1/Ejercicio 1.csproj" Id="0452396a-a4de-47c4-9802-6e732727491f" />
  <Project Path="Ejercicio 2/Ejercicio 2.csproj" Id="0aa56567-b7d6-4a52-8185-5dbf0ddfb12f" />
  <Project Path="Ejercicio 3/Ejercicio 3.csproj" Id="2db2269a-3358-4da6-8649-caf1f529c0de" />
  <Project Path="Ejercicio 4/Ejercicio 4.csproj" Id="411662a9-e701-45b6-a852-483618ec5bc3" />
</Solution>
