<Solution>
  <Project Path="Ejercicio 2/Ejercicio 2.csproj" Id="b613e31c-4f17-489c-86a1-32b85fba63a1" />
  <Project Path="Ejercicio 3/Ejercicio 3.csproj" Id="e4e9c349-6519-41f2-90ac-b90962a02200" />
  <Project Path="Ejercicio 4/Ejercicio 4.csproj" Id="f2c530bc-748c-42b9-a5a9-4572559a4fbc" />
  <Project Path="Ejercicio1/Ejercicio 1.csproj" Id="ab9ee2c8-9395-40bf-99e4-f49d1977b810" />
</Solution>
