<Solution>
  <Project Path="Ejercicio 1/Ejercicio 1.csproj" Id="d625c9f9-7f05-4c34-88c9-279b0e8e5bb7" />
  <Project Path="Ejercicio 2/Ejercicio 2.csproj" Id="e3e7e2ad-28e0-4e54-b574-3e8215de9be7" />
  <Project Path="Ejercicio 3/Ejercicio 3.csproj" Id="e7bbff77-118b-47df-89ff-9d86ac5eac5b" />
</Solution>
